
Microsoft Visual Studio Solution File, Format Version 12.00
# Visual Studio Version 17
VisualStudioVersion = 17.14.36623.8 d17.14
MinimumVisualStudioVersion = 10.0.40219.1
Project("{FAE04EC0-301F-11D3-BF4B-00C04F79EFBC}") = "Zad1", "Zad1.\Zad1.csproj", "{BB21E306-3E9B-4667-8341-BDBC6758D744}"
EndProject
Global
	GlobalSection(SolutionConfigurationPlatforms) = preSolution
		Debug|Any CPU = Debug|Any CPU
		Release|Any CPU = Release|Any CPU
	EndGlobalSection
	GlobalSection(ProjectConfigurationPlatforms) = postSolution
		{BB21E306-3E9B-4667-8341-BDBC6758D744}.Debug|Any CPU.ActiveCfg = Debug|Any CPU
		{BB21E306-3E9B-4667-8341-BDBC6758D744}.Debug|Any CPU.Build.0 = Debug|Any CPU
		{BB21E306-3E9B-4667-8341-BDBC6758D744}.Release|Any CPU.ActiveCfg = Release|Any CPU
		{BB21E306-3E9B-4667-8341-BDBC6758D744}.Release|Any CPU.Build.0 = Release|Any CPU
	EndGlobalSection
	GlobalSection(SolutionProperties) = preSolution
		HideSolutionNode = FALSE
	EndGlobalSection
	GlobalSection(ExtensibilityGlobals) = postSolution
		SolutionGuid = {20313ECC-910D-44DE-8864-90D97263A961}
	EndGlobalSection
EndGlobal
